// !$*UTF8*$!
{
	archiveVersion = 1;
	classes = {
	};
	objectVersion = 46;
	objects = {

/* Begin PBXBuildFile section */
		2810FDBC18A6B81000BEFC7A /* GUPExercise.m in Sources */ = {isa = PBXBuildFile; fileRef = 2810FDBB18A6B81000BEFC7A /* GUPExercise.m */; };
		286008AB18A6F49F00C08F2F /* GUPTableViewController.m in Sources */ = {isa = PBXBuildFile; fileRef = 286008AA18A6F49F00C08F2F /* GUPTableViewController.m */; };
		2884002E18A6F8EA00C02D51 /* Main.storyboard in Resources */ = {isa = PBXBuildFile; fileRef = 2884002C18A6F8EA00C02D51 /* Main.storyboard */; };
		2884003118A6F95500C02D51 /* GUPCraftController.m in Sources */ = {isa = PBXBuildFile; fileRef = 2884003018A6F95500C02D51 /* GUPCraftController.m */; };
		2884003418A6FF9700C02D51 /* GUPRoutineAddController.m in Sources */ = {isa = PBXBuildFile; fileRef = 2884003318A6FF9700C02D51 /* GUPRoutineAddController.m */; };
		7833E46918A741A100FDCD9E /* GUPDoController.m in Sources */ = {isa = PBXBuildFile; fileRef = 7833E46818A741A100FDCD9E /* GUPDoController.m */; };
		7833E46C18A7552800FDCD9E /* GUPDetailRoutine.m in Sources */ = {isa = PBXBuildFile; fileRef = 7833E46B18A7552800FDCD9E /* GUPDetailRoutine.m */; };
		7895F9DF18A6C5080093D652 /* GUPRoutine.m in Sources */ = {isa = PBXBuildFile; fileRef = 7895F9DE18A6C5080093D652 /* GUPRoutine.m */; };
		7895F9E218A6CD660093D652 /* GUPBank.m in Sources */ = {isa = PBXBuildFile; fileRef = 7895F9E118A6CD660093D652 /* GUPBank.m */; };
		7895F9EA18A700C60093D652 /* fakeData.plist in Resources */ = {isa = PBXBuildFile; fileRef = 7895F9E918A700C60093D652 /* fakeData.plist */; };
		78DDE38518A69C700012E154 /* Foundation.framework in Frameworks */ = {isa = PBXBuildFile; fileRef = 78DDE38418A69C700012E154 /* Foundation.framework */; };
		78DDE38718A69C700012E154 /* CoreGraphics.framework in Frameworks */ = {isa = PBXBuildFile; fileRef = 78DDE38618A69C700012E154 /* CoreGraphics.framework */; };
		78DDE38918A69C700012E154 /* UIKit.framework in Frameworks */ = {isa = PBXBuildFile; fileRef = 78DDE38818A69C700012E154 /* UIKit.framework */; };
		78DDE38F18A69C700012E154 /* InfoPlist.strings in Resources */ = {isa = PBXBuildFile; fileRef = 78DDE38D18A69C700012E154 /* InfoPlist.strings */; };
		78DDE39118A69C700012E154 /* main.m in Sources */ = {isa = PBXBuildFile; fileRef = 78DDE39018A69C700012E154 /* main.m */; };
		78DDE39518A69C700012E154 /* GUPAppDelegate.m in Sources */ = {isa = PBXBuildFile; fileRef = 78DDE39418A69C700012E154 /* GUPAppDelegate.m */; };
		78DDE39B18A69C700012E154 /* GUPViewController.m in Sources */ = {isa = PBXBuildFile; fileRef = 78DDE39A18A69C700012E154 /* GUPViewController.m */; };
		78DDE39D18A69C700012E154 /* Images.xcassets in Resources */ = {isa = PBXBuildFile; fileRef = 78DDE39C18A69C700012E154 /* Images.xcassets */; };
		78DDE3A418A69C700012E154 /* XCTest.framework in Frameworks */ = {isa = PBXBuildFile; fileRef = 78DDE3A318A69C700012E154 /* XCTest.framework */; };
		78DDE3A518A69C700012E154 /* Foundation.framework in Frameworks */ = {isa = PBXBuildFile; fileRef = 78DDE38418A69C700012E154 /* Foundation.framework */; };
		78DDE3A618A69C700012E154 /* UIKit.framework in Frameworks */ = {isa = PBXBuildFile; fileRef = 78DDE38818A69C700012E154 /* UIKit.framework */; };
		78DDE3AE18A69C700012E154 /* InfoPlist.strings in Resources */ = {isa = PBXBuildFile; fileRef = 78DDE3AC18A69C700012E154 /* InfoPlist.strings */; };
		78DDE3B018A69C700012E154 /* GorillaUpTests.m in Sources */ = {isa = PBXBuildFile; fileRef = 78DDE3AF18A69C700012E154 /* GorillaUpTests.m */; };
/* End PBXBuildFile section */

/* Begin PBXContainerItemProxy section */
		78DDE3A718A69C700012E154 /* PBXContainerItemProxy */ = {
			isa = PBXContainerItemProxy;
			containerPortal = 78DDE37918A69C700012E154 /* Project object */;
			proxyType = 1;
			remoteGlobalIDString = 78DDE38018A69C700012E154;
			remoteInfo = GorillaUp;
		};
/* End PBXContainerItemProxy section */

/* Begin PBXFileReference section */
		2810FDBA18A6B81000BEFC7A /* GUPExercise.h */ = {isa = PBXFileReference; fileEncoding = 4; lastKnownFileType = sourcecode.c.h; path = GUPExercise.h; sourceTree = "<group>"; };
		2810FDBB18A6B81000BEFC7A /* GUPExercise.m */ = {isa = PBXFileReference; fileEncoding = 4; lastKnownFileType = sourcecode.c.objc; path = GUPExercise.m; sourceTree = "<group>"; };
		286008A918A6F49F00C08F2F /* GUPTableViewController.h */ = {isa = PBXFileReference; fileEncoding = 4; lastKnownFileType = sourcecode.c.h; path = GUPTableViewController.h; sourceTree = "<group>"; };
		286008AA18A6F49F00C08F2F /* GUPTableViewController.m */ = {isa = PBXFileReference; fileEncoding = 4; lastKnownFileType = sourcecode.c.objc; path = GUPTableViewController.m; sourceTree = "<group>"; };
		2884002D18A6F8EA00C02D51 /* Base */ = {isa = PBXFileReference; lastKnownFileType = file.storyboard; name = Base; path = GorillaUp/Base.lproj/Main.storyboard; sourceTree = SOURCE_ROOT; };
		2884002F18A6F95500C02D51 /* GUPCraftController.h */ = {isa = PBXFileReference; fileEncoding = 4; lastKnownFileType = sourcecode.c.h; name = GUPCraftController.h; path = ../GUPCraftController.h; sourceTree = "<group>"; };
		2884003018A6F95500C02D51 /* GUPCraftController.m */ = {isa = PBXFileReference; fileEncoding = 4; lastKnownFileType = sourcecode.c.objc; name = GUPCraftController.m; path = ../GUPCraftController.m; sourceTree = "<group>"; };
		2884003218A6FF9700C02D51 /* GUPRoutineAddController.h */ = {isa = PBXFileReference; fileEncoding = 4; lastKnownFileType = sourcecode.c.h; path = GUPRoutineAddController.h; sourceTree = "<group>"; };
		2884003318A6FF9700C02D51 /* GUPRoutineAddController.m */ = {isa = PBXFileReference; fileEncoding = 4; lastKnownFileType = sourcecode.c.objc; path = GUPRoutineAddController.m; sourceTree = "<group>"; };
		7833E46718A741A100FDCD9E /* GUPDoController.h */ = {isa = PBXFileReference; fileEncoding = 4; lastKnownFileType = sourcecode.c.h; path = GUPDoController.h; sourceTree = "<group>"; };
		7833E46818A741A100FDCD9E /* GUPDoController.m */ = {isa = PBXFileReference; fileEncoding = 4; lastKnownFileType = sourcecode.c.objc; path = GUPDoController.m; sourceTree = "<group>"; };
		7833E46A18A7552800FDCD9E /* GUPDetailRoutine.h */ = {isa = PBXFileReference; fileEncoding = 4; lastKnownFileType = sourcecode.c.h; path = GUPDetailRoutine.h; sourceTree = "<group>"; };
		7833E46B18A7552800FDCD9E /* GUPDetailRoutine.m */ = {isa = PBXFileReference; fileEncoding = 4; lastKnownFileType = sourcecode.c.objc; path = GUPDetailRoutine.m; sourceTree = "<group>"; };
		7895F9DD18A6C5080093D652 /* GUPRoutine.h */ = {isa = PBXFileReference; fileEncoding = 4; lastKnownFileType = sourcecode.c.h; path = GUPRoutine.h; sourceTree = "<group>"; };
		7895F9DE18A6C5080093D652 /* GUPRoutine.m */ = {isa = PBXFileReference; fileEncoding = 4; lastKnownFileType = sourcecode.c.objc; path = GUPRoutine.m; sourceTree = "<group>"; };
		7895F9E018A6CD660093D652 /* GUPBank.h */ = {isa = PBXFileReference; fileEncoding = 4; lastKnownFileType = sourcecode.c.h; path = GUPBank.h; sourceTree = "<group>"; };
		7895F9E118A6CD660093D652 /* GUPBank.m */ = {isa = PBXFileReference; fileEncoding = 4; lastKnownFileType = sourcecode.c.objc; path = GUPBank.m; sourceTree = "<group>"; };
		7895F9E918A700C60093D652 /* fakeData.plist */ = {isa = PBXFileReference; fileEncoding = 4; lastKnownFileType = text.plist.xml; name = fakeData.plist; path = data/fakeData.plist; sourceTree = "<group>"; };
		78DDE38118A69C700012E154 /* GorillaUp.app */ = {isa = PBXFileReference; explicitFileType = wrapper.application; includeInIndex = 0; path = GorillaUp.app; sourceTree = BUILT_PRODUCTS_DIR; };
		78DDE38418A69C700012E154 /* Foundation.framework */ = {isa = PBXFileReference; lastKnownFileType = wrapper.framework; name = Foundation.framework; path = System/Library/Frameworks/Foundation.framework; sourceTree = SDKROOT; };
		78DDE38618A69C700012E154 /* CoreGraphics.framework */ = {isa = PBXFileReference; lastKnownFileType = wrapper.framework; name = CoreGraphics.framework; path = System/Library/Frameworks/CoreGraphics.framework; sourceTree = SDKROOT; };
		78DDE38818A69C700012E154 /* UIKit.framework */ = {isa = PBXFileReference; lastKnownFileType = wrapper.framework; name = UIKit.framework; path = System/Library/Frameworks/UIKit.framework; sourceTree = SDKROOT; };
		78DDE38C18A69C700012E154 /* GorillaUp-Info.plist */ = {isa = PBXFileReference; lastKnownFileType = text.plist.xml; path = "GorillaUp-Info.plist"; sourceTree = "<group>"; };
		78DDE38E18A69C700012E154 /* en */ = {isa = PBXFileReference; lastKnownFileType = text.plist.strings; name = en; path = en.lproj/InfoPlist.strings; sourceTree = "<group>"; };
		78DDE39018A69C700012E154 /* main.m */ = {isa = PBXFileReference; lastKnownFileType = sourcecode.c.objc; path = main.m; sourceTree = "<group>"; };
		78DDE39218A69C700012E154 /* GorillaUp-Prefix.pch */ = {isa = PBXFileReference; lastKnownFileType = sourcecode.c.h; path = "GorillaUp-Prefix.pch"; sourceTree = "<group>"; };
		78DDE39318A69C700012E154 /* GUPAppDelegate.h */ = {isa = PBXFileReference; lastKnownFileType = sourcecode.c.h; path = GUPAppDelegate.h; sourceTree = "<group>"; };
		78DDE39418A69C700012E154 /* GUPAppDelegate.m */ = {isa = PBXFileReference; lastKnownFileType = sourcecode.c.objc; path = GUPAppDelegate.m; sourceTree = "<group>"; };
		78DDE39918A69C700012E154 /* GUPViewController.h */ = {isa = PBXFileReference; lastKnownFileType = sourcecode.c.h; path = GUPViewController.h; sourceTree = "<group>"; };
		78DDE39A18A69C700012E154 /* GUPViewController.m */ = {isa = PBXFileReference; lastKnownFileType = sourcecode.c.objc; path = GUPViewController.m; sourceTree = "<group>"; };
		78DDE39C18A69C700012E154 /* Images.xcassets */ = {isa = PBXFileReference; lastKnownFileType = folder.assetcatalog; path = Images.xcassets; sourceTree = "<group>"; };
		78DDE3A218A69C700012E154 /* GorillaUpTests.xctest */ = {isa = PBXFileReference; explicitFileType = wrapper.cfbundle; includeInIndex = 0; path = GorillaUpTests.xctest; sourceTree = BUILT_PRODUCTS_DIR; };
		78DDE3A318A69C700012E154 /* XCTest.framework */ = {isa = PBXFileReference; lastKnownFileType = wrapper.framework; name = XCTest.framework; path = Library/Frameworks/XCTest.framework; sourceTree = DEVELOPER_DIR; };
		78DDE3AB18A69C700012E154 /* GorillaUpTests-Info.plist */ = {isa = PBXFileReference; lastKnownFileType = text.plist.xml; path = "GorillaUpTests-Info.plist"; sourceTree = "<group>"; };
		78DDE3AD18A69C700012E154 /* en */ = {isa = PBXFileReference; lastKnownFileType = text.plist.strings; name = en; path = en.lproj/InfoPlist.strings; sourceTree = "<group>"; };
		78DDE3AF18A69C700012E154 /* GorillaUpTests.m */ = {isa = PBXFileReference; lastKnownFileType = sourcecode.c.objc; path = GorillaUpTests.m; sourceTree = "<group>"; };
/* End PBXFileReference section */

/* Begin PBXFrameworksBuildPhase section */
		78DDE37E18A69C700012E154 /* Frameworks */ = {
			isa = PBXFrameworksBuildPhase;
			buildActionMask = 2147483647;
			files = (
				78DDE38718A69C700012E154 /* CoreGraphics.framework in Frameworks */,
				78DDE38918A69C700012E154 /* UIKit.framework in Frameworks */,
				78DDE38518A69C700012E154 /* Foundation.framework in Frameworks */,
			);
			runOnlyForDeploymentPostprocessing = 0;
		};
		78DDE39F18A69C700012E154 /* Frameworks */ = {
			isa = PBXFrameworksBuildPhase;
			buildActionMask = 2147483647;
			files = (
				78DDE3A418A69C700012E154 /* XCTest.framework in Frameworks */,
				78DDE3A618A69C700012E154 /* UIKit.framework in Frameworks */,
				78DDE3A518A69C700012E154 /* Foundation.framework in Frameworks */,
			);
			runOnlyForDeploymentPostprocessing = 0;
		};
/* End PBXFrameworksBuildPhase section */

/* Begin PBXGroup section */
		2810FDB918A6B81000BEFC7A /* models */ = {
			isa = PBXGroup;
			children = (
				7895F9E018A6CD660093D652 /* GUPBank.h */,
				7895F9E118A6CD660093D652 /* GUPBank.m */,
				2810FDBA18A6B81000BEFC7A /* GUPExercise.h */,
				2810FDBB18A6B81000BEFC7A /* GUPExercise.m */,
				7895F9DD18A6C5080093D652 /* GUPRoutine.h */,
				7895F9DE18A6C5080093D652 /* GUPRoutine.m */,
			);
			path = models;
			sourceTree = "<group>";
		};
		78DDE37818A69C700012E154 = {
			isa = PBXGroup;
			children = (
				78DDE38A18A69C700012E154 /* GorillaUp */,
				78DDE3A918A69C700012E154 /* GorillaUpTests */,
				78DDE38318A69C700012E154 /* Frameworks */,
				78DDE38218A69C700012E154 /* Products */,
			);
			sourceTree = "<group>";
		};
		78DDE38218A69C700012E154 /* Products */ = {
			isa = PBXGroup;
			children = (
				78DDE38118A69C700012E154 /* GorillaUp.app */,
				78DDE3A218A69C700012E154 /* GorillaUpTests.xctest */,
			);
			name = Products;
			sourceTree = "<group>";
		};
		78DDE38318A69C700012E154 /* Frameworks */ = {
			isa = PBXGroup;
			children = (
				78DDE38418A69C700012E154 /* Foundation.framework */,
				78DDE38618A69C700012E154 /* CoreGraphics.framework */,
				78DDE38818A69C700012E154 /* UIKit.framework */,
				78DDE3A318A69C700012E154 /* XCTest.framework */,
			);
			name = Frameworks;
			sourceTree = "<group>";
		};
		78DDE38A18A69C700012E154 /* GorillaUp */ = {
			isa = PBXGroup;
			children = (
				2810FDB918A6B81000BEFC7A /* models */,
				2884002C18A6F8EA00C02D51 /* Main.storyboard */,
				2884003218A6FF9700C02D51 /* GUPRoutineAddController.h */,
				2884003318A6FF9700C02D51 /* GUPRoutineAddController.m */,
				78DDE39318A69C700012E154 /* GUPAppDelegate.h */,
				78DDE39418A69C700012E154 /* GUPAppDelegate.m */,
				2884002F18A6F95500C02D51 /* GUPCraftController.h */,
				2884003018A6F95500C02D51 /* GUPCraftController.m */,
				78DDE39918A69C700012E154 /* GUPViewController.h */,
				78DDE39A18A69C700012E154 /* GUPViewController.m */,
				7833E46A18A7552800FDCD9E /* GUPDetailRoutine.h */,
				7833E46B18A7552800FDCD9E /* GUPDetailRoutine.m */,
				286008A918A6F49F00C08F2F /* GUPTableViewController.h */,
				7833E46718A741A100FDCD9E /* GUPDoController.h */,
				7833E46818A741A100FDCD9E /* GUPDoController.m */,
				286008AA18A6F49F00C08F2F /* GUPTableViewController.m */,
				78DDE39C18A69C700012E154 /* Images.xcassets */,
				78DDE38B18A69C700012E154 /* Supporting Files */,
			);
			path = GorillaUp;
			sourceTree = "<group>";
		};
		78DDE38B18A69C700012E154 /* Supporting Files */ = {
			isa = PBXGroup;
			children = (
				7895F9E918A700C60093D652 /* fakeData.plist */,
				78DDE38C18A69C700012E154 /* GorillaUp-Info.plist */,
				78DDE38D18A69C700012E154 /* InfoPlist.strings */,
				78DDE39018A69C700012E154 /* main.m */,
				78DDE39218A69C700012E154 /* GorillaUp-Prefix.pch */,
			);
			name = "Supporting Files";
			sourceTree = "<group>";
		};
		78DDE3A918A69C700012E154 /* GorillaUpTests */ = {
			isa = PBXGroup;
			children = (
				78DDE3AF18A69C700012E154 /* GorillaUpTests.m */,
				78DDE3AA18A69C700012E154 /* Supporting Files */,
			);
			path = GorillaUpTests;
			sourceTree = "<group>";
		};
		78DDE3AA18A69C700012E154 /* Supporting Files */ = {
			isa = PBXGroup;
			children = (
				78DDE3AB18A69C700012E154 /* GorillaUpTests-Info.plist */,
				78DDE3AC18A69C700012E154 /* InfoPlist.strings */,
			);
			name = "Supporting Files";
			sourceTree = "<group>";
		};
/* End PBXGroup section */

/* Begin PBXNativeTarget section */
		78DDE38018A69C700012E154 /* GorillaUp */ = {
			isa = PBXNativeTarget;
			buildConfigurationList = 78DDE3B318A69C700012E154 /* Build configuration list for PBXNativeTarget "GorillaUp" */;
			buildPhases = (
				78DDE37D18A69C700012E154 /* Sources */,
				78DDE37E18A69C700012E154 /* Frameworks */,
				78DDE37F18A69C700012E154 /* Resources */,
			);
			buildRules = (
			);
			dependencies = (
			);
			name = GorillaUp;
			productName = GorillaUp;
			productReference = 78DDE38118A69C700012E154 /* GorillaUp.app */;
			productType = "com.apple.product-type.application";
		};
		78DDE3A118A69C700012E154 /* GorillaUpTests */ = {
			isa = PBXNativeTarget;
			buildConfigurationList = 78DDE3B618A69C700012E154 /* Build configuration list for PBXNativeTarget "GorillaUpTests" */;
			buildPhases = (
				78DDE39E18A69C700012E154 /* Sources */,
				78DDE39F18A69C700012E154 /* Frameworks */,
				78DDE3A018A69C700012E154 /* Resources */,
			);
			buildRules = (
			);
			dependencies = (
				78DDE3A818A69C700012E154 /* PBXTargetDependency */,
			);
			name = GorillaUpTests;
			productName = GorillaUpTests;
			productReference = 78DDE3A218A69C700012E154 /* GorillaUpTests.xctest */;
			productType = "com.apple.product-type.bundle.unit-test";
		};
/* End PBXNativeTarget section */

/* Begin PBXProject section */
		78DDE37918A69C700012E154 /* Project object */ = {
			isa = PBXProject;
			attributes = {
				CLASSPREFIX = GUP;
				LastUpgradeCheck = 0500;
				ORGANIZATIONNAME = BM1;
				TargetAttributes = {
					78DDE3A118A69C700012E154 = {
						TestTargetID = 78DDE38018A69C700012E154;
					};
				};
			};
			buildConfigurationList = 78DDE37C18A69C700012E154 /* Build configuration list for PBXProject "GorillaUp" */;
			compatibilityVersion = "Xcode 3.2";
			developmentRegion = English;
			hasScannedForEncodings = 0;
			knownRegions = (
				en,
				Base,
			);
			mainGroup = 78DDE37818A69C700012E154;
			productRefGroup = 78DDE38218A69C700012E154 /* Products */;
			projectDirPath = "";
			projectRoot = "";
			targets = (
				78DDE38018A69C700012E154 /* GorillaUp */,
				78DDE3A118A69C700012E154 /* GorillaUpTests */,
			);
		};
/* End PBXProject section */

/* Begin PBXResourcesBuildPhase section */
		78DDE37F18A69C700012E154 /* Resources */ = {
			isa = PBXResourcesBuildPhase;
			buildActionMask = 2147483647;
			files = (
				78DDE39D18A69C700012E154 /* Images.xcassets in Resources */,
				7895F9EA18A700C60093D652 /* fakeData.plist in Resources */,
				78DDE38F18A69C700012E154 /* InfoPlist.strings in Resources */,
				2884002E18A6F8EA00C02D51 /* Main.storyboard in Resources */,
			);
			runOnlyForDeploymentPostprocessing = 0;
		};
		78DDE3A018A69C700012E154 /* Resources */ = {
			isa = PBXResourcesBuildPhase;
			buildActionMask = 2147483647;
			files = (
				78DDE3AE18A69C700012E154 /* InfoPlist.strings in Resources */,
			);
			runOnlyForDeploymentPostprocessing = 0;
		};
/* End PBXResourcesBuildPhase section */

/* Begin PBXSourcesBuildPhase section */
		78DDE37D18A69C700012E154 /* Sources */ = {
			isa = PBXSourcesBuildPhase;
			buildActionMask = 2147483647;
			files = (
				2810FDBC18A6B81000BEFC7A /* GUPExercise.m in Sources */,
				2884003418A6FF9700C02D51 /* GUPRoutineAddController.m in Sources */,
				7895F9DF18A6C5080093D652 /* GUPRoutine.m in Sources */,
				286008AB18A6F49F00C08F2F /* GUPTableViewController.m in Sources */,
				7895F9E218A6CD660093D652 /* GUPBank.m in Sources */,
				7833E46918A741A100FDCD9E /* GUPDoController.m in Sources */,
				78DDE39118A69C700012E154 /* main.m in Sources */,
				78DDE39518A69C700012E154 /* GUPAppDelegate.m in Sources */,
				78DDE39B18A69C700012E154 /* GUPViewController.m in Sources */,
				2884003118A6F95500C02D51 /* GUPCraftController.m in Sources */,
				7833E46C18A7552800FDCD9E /* GUPDetailRoutine.m in Sources */,
			);
			runOnlyForDeploymentPostprocessing = 0;
		};
		78DDE39E18A69C700012E154 /* Sources */ = {
			isa = PBXSourcesBuildPhase;
			buildActionMask = 2147483647;
			files = (
				78DDE3B018A69C700012E154 /* GorillaUpTests.m in Sources */,
			);
			runOnlyForDeploymentPostprocessing = 0;
		};
/* End PBXSourcesBuildPhase section */

/* Begin PBXTargetDependency section */
		78DDE3A818A69C700012E154 /* PBXTargetDependency */ = {
			isa = PBXTargetDependency;
			target = 78DDE38018A69C700012E154 /* GorillaUp */;
			targetProxy = 78DDE3A718A69C700012E154 /* PBXContainerItemProxy */;
		};
/* End PBXTargetDependency section */

/* Begin PBXVariantGroup section */
		2884002C18A6F8EA00C02D51 /* Main.storyboard */ = {
			isa = PBXVariantGroup;
			children = (
				2884002D18A6F8EA00C02D51 /* Base */,
			);
			name = Main.storyboard;
			path = models;
			sourceTree = "<group>";
		};
		78DDE38D18A69C700012E154 /* InfoPlist.strings */ = {
			isa = PBXVariantGroup;
			children = (
				78DDE38E18A69C700012E154 /* en */,
			);
			name = InfoPlist.strings;
			sourceTree = "<group>";
		};
		78DDE3AC18A69C700012E154 /* InfoPlist.strings */ = {
			isa = PBXVariantGroup;
			children = (
				78DDE3AD18A69C700012E154 /* en */,
			);
			name = InfoPlist.strings;
			sourceTree = "<group>";
		};
/* End PBXVariantGroup section */

/* Begin XCBuildConfiguration section */
		78DDE3B118A69C700012E154 /* Debug */ = {
			isa = XCBuildConfiguration;
			buildSettings = {
				ALWAYS_SEARCH_USER_PATHS = NO;
				ARCHS = "$(ARCHS_STANDARD_INCLUDING_64_BIT)";
				CLANG_CXX_LANGUAGE_STANDARD = "gnu++0x";
				CLANG_CXX_LIBRARY = "libc++";
				CLANG_ENABLE_MODULES = YES;
				CLANG_ENABLE_OBJC_ARC = YES;
				CLANG_WARN_BOOL_CONVERSION = YES;
				CLANG_WARN_CONSTANT_CONVERSION = YES;
				CLANG_WARN_DIRECT_OBJC_ISA_USAGE = YES_ERROR;
				CLANG_WARN_EMPTY_BODY = YES;
				CLANG_WARN_ENUM_CONVERSION = YES;
				CLANG_WARN_INT_CONVERSION = YES;
				CLANG_WARN_OBJC_ROOT_CLASS = YES_ERROR;
				CLANG_WARN__DUPLICATE_METHOD_MATCH = YES;
				"CODE_SIGN_IDENTITY[sdk=iphoneos*]" = "iPhone Developer";
				COPY_PHASE_STRIP = NO;
				GCC_C_LANGUAGE_STANDARD = gnu99;
				GCC_DYNAMIC_NO_PIC = NO;
				GCC_OPTIMIZATION_LEVEL = 0;
				GCC_PREPROCESSOR_DEFINITIONS = (
					"DEBUG=1",
					"$(inherited)",
				);
				GCC_SYMBOLS_PRIVATE_EXTERN = NO;
				GCC_WARN_64_TO_32_BIT_CONVERSION = YES;
				GCC_WARN_ABOUT_RETURN_TYPE = YES_ERROR;
				GCC_WARN_UNDECLARED_SELECTOR = YES;
				GCC_WARN_UNINITIALIZED_AUTOS = YES;
				GCC_WARN_UNUSED_FUNCTION = YES;
				GCC_WARN_UNUSED_VARIABLE = YES;
				IPHONEOS_DEPLOYMENT_TARGET = 7.0;
				ONLY_ACTIVE_ARCH = YES;
				SDKROOT = iphoneos;
			};
			name = Debug;
		};
		78DDE3B218A69C700012E154 /* Release */ = {
			isa = XCBuildConfiguration;
			buildSettings = {
				ALWAYS_SEARCH_USER_PATHS = NO;
				ARCHS = "$(ARCHS_STANDARD_INCLUDING_64_BIT)";
				CLANG_CXX_LANGUAGE_STANDARD = "gnu++0x";
				CLANG_CXX_LIBRARY = "libc++";
				CLANG_ENABLE_MODULES = YES;
				CLANG_ENABLE_OBJC_ARC = YES;
				CLANG_WARN_BOOL_CONVERSION = YES;
				CLANG_WARN_CONSTANT_CONVERSION = YES;
				CLANG_WARN_DIRECT_OBJC_ISA_USAGE = YES_ERROR;
				CLANG_WARN_EMPTY_BODY = YES;
				CLANG_WARN_ENUM_CONVERSION = YES;
				CLANG_WARN_INT_CONVERSION = YES;
				CLANG_WARN_OBJC_ROOT_CLASS = YES_ERROR;
				CLANG_WARN__DUPLICATE_METHOD_MATCH = YES;
				"CODE_SIGN_IDENTITY[sdk=iphoneos*]" = "iPhone Developer";
				COPY_PHASE_STRIP = YES;
				ENABLE_NS_ASSERTIONS = NO;
				GCC_C_LANGUAGE_STANDARD = gnu99;
				GCC_WARN_64_TO_32_BIT_CONVERSION = YES;
				GCC_WARN_ABOUT_RETURN_TYPE = YES_ERROR;
				GCC_WARN_UNDECLARED_SELECTOR = YES;
				GCC_WARN_UNINITIALIZED_AUTOS = YES;
				GCC_WARN_UNUSED_FUNCTION = YES;
				GCC_WARN_UNUSED_VARIABLE = YES;
				IPHONEOS_DEPLOYMENT_TARGET = 7.0;
				SDKROOT = iphoneos;
				VALIDATE_PRODUCT = YES;
			};
			name = Release;
		};
		78DDE3B418A69C700012E154 /* Debug */ = {
			isa = XCBuildConfiguration;
			buildSettings = {
				ASSETCATALOG_COMPILER_APPICON_NAME = AppIcon;
				ASSETCATALOG_COMPILER_LAUNCHIMAGE_NAME = LaunchImage;
				GCC_PRECOMPILE_PREFIX_HEADER = YES;
				GCC_PREFIX_HEADER = "GorillaUp/GorillaUp-Prefix.pch";
				INFOPLIST_FILE = "GorillaUp/GorillaUp-Info.plist";
				PRODUCT_NAME = "$(TARGET_NAME)";
				WRAPPER_EXTENSION = app;
			};
			name = Debug;
		};
		78DDE3B518A69C700012E154 /* Release */ = {
			isa = XCBuildConfiguration;
			buildSettings = {
				ASSETCATALOG_COMPILER_APPICON_NAME = AppIcon;
				ASSETCATALOG_COMPILER_LAUNCHIMAGE_NAME = LaunchImage;
				GCC_PRECOMPILE_PREFIX_HEADER = YES;
				GCC_PREFIX_HEADER = "GorillaUp/GorillaUp-Prefix.pch";
				INFOPLIST_FILE = "GorillaUp/GorillaUp-Info.plist";
				PRODUCT_NAME = "$(TARGET_NAME)";
				WRAPPER_EXTENSION = app;
			};
			name = Release;
		};
		78DDE3B718A69C700012E154 /* Debug */ = {
			isa = XCBuildConfiguration;
			buildSettings = {
				ARCHS = "$(ARCHS_STANDARD_INCLUDING_64_BIT)";
				BUNDLE_LOADER = "$(BUILT_PRODUCTS_DIR)/GorillaUp.app/GorillaUp";
				FRAMEWORK_SEARCH_PATHS = (
					"$(SDKROOT)/Developer/Library/Frameworks",
					"$(inherited)",
					"$(DEVELOPER_FRAMEWORKS_DIR)",
				);
				GCC_PRECOMPILE_PREFIX_HEADER = YES;
				GCC_PREFIX_HEADER = "GorillaUp/GorillaUp-Prefix.pch";
				GCC_PREPROCESSOR_DEFINITIONS = (
					"DEBUG=1",
					"$(inherited)",
				);
				INFOPLIST_FILE = "GorillaUpTests/GorillaUpTests-Info.plist";
				PRODUCT_NAME = "$(TARGET_NAME)";
				TEST_HOST = "$(BUNDLE_LOADER)";
				WRAPPER_EXTENSION = xctest;
			};
			name = Debug;
		};
		78DDE3B818A69C700012E154 /* Release */ = {
			isa = XCBuildConfiguration;
			buildSettings = {
				ARCHS = "$(ARCHS_STANDARD_INCLUDING_64_BIT)";
				BUNDLE_LOADER = "$(BUILT_PRODUCTS_DIR)/GorillaUp.app/GorillaUp";
				FRAMEWORK_SEARCH_PATHS = (
					"$(SDKROOT)/Developer/Library/Frameworks",
					"$(inherited)",
					"$(DEVELOPER_FRAMEWORKS_DIR)",
				);
				GCC_PRECOMPILE_PREFIX_HEADER = YES;
				GCC_PREFIX_HEADER = "GorillaUp/GorillaUp-Prefix.pch";
				INFOPLIST_FILE = "GorillaUpTests/GorillaUpTests-Info.plist";
				PRODUCT_NAME = "$(TARGET_NAME)";
				TEST_HOST = "$(BUNDLE_LOADER)";
				WRAPPER_EXTENSION = xctest;
			};
			name = Release;
		};
/* End XCBuildConfiguration section */

/* Begin XCConfigurationList section */
		78DDE37C18A69C700012E154 /* Build configuration list for PBXProject "GorillaUp" */ = {
			isa = XCConfigurationList;
			buildConfigurations = (
				78DDE3B118A69C700012E154 /* Debug */,
				78DDE3B218A69C700012E154 /* Release */,
			);
			defaultConfigurationIsVisible = 0;
			defaultConfigurationName = Release;
		};
		78DDE3B318A69C700012E154 /* Build configuration list for PBXNativeTarget "GorillaUp" */ = {
			isa = XCConfigurationList;
			buildConfigurations = (
				78DDE3B418A69C700012E154 /* Debug */,
				78DDE3B518A69C700012E154 /* Release */,
			);
			defaultConfigurationIsVisible = 0;
			defaultConfigurationName = Release;
		};
		78DDE3B618A69C700012E154 /* Build configuration list for PBXNativeTarget "GorillaUpTests" */ = {
			isa = XCConfigurationList;
			buildConfigurations = (
				78DDE3B718A69C700012E154 /* Debug */,
				78DDE3B818A69C700012E154 /* Release */,
			);
			defaultConfigurationIsVisible = 0;
			defaultConfigurationName = Release;
		};
/* End XCConfigurationList section */
	};
	rootObject = 78DDE37918A69C700012E154 /* Project object */;
}
